
Microsoft Visual Studio Solution File, Format Version 12.00
# Visual Studio Version 16
VisualStudioVersion = 16.0.28803.452
MinimumVisualStudioVersion = 10.0.40219.1
Project("{FAE04EC0-301F-11D3-BF4B-00C04F79EFBC}") = "Discord Webhook Bomber", "Discord Webhook Bomber.csproj", "{6F4720CE-9E5A-44C3-972F-6EC9749ADB32}"
EndProject
Global
	GlobalSection(SolutionConfigurationPlatforms) = preSolution
		Debug|Any CPU = Debug|Any CPU
		Release|Any CPU = Release|Any CPU
	EndGlobalSection
	GlobalSection(ProjectConfigurationPlatforms) = postSolution
		{6F4720CE-9E5A-44C3-972F-6EC9749ADB32}.Debug|Any CPU.ActiveCfg = Debug|Any CPU
		{6F4720CE-9E5A-44C3-972F-6EC9749ADB32}.Debug|Any CPU.Build.0 = Debug|Any CPU
		{6F4720CE-9E5A-44C3-972F-6EC9749ADB32}.Release|Any CPU.ActiveCfg = Release|Any CPU
		{6F4720CE-9E5A-44C3-972F-6EC9749ADB32}.Release|Any CPU.Build.0 = Release|Any CPU
	EndGlobalSection
	GlobalSection(SolutionProperties) = preSolution
		HideSolutionNode = FALSE
	EndGlobalSection
	GlobalSection(ExtensibilityGlobals) = postSolution
		SolutionGuid = {9CC0CF27-5158-46FE-B899-708F687C5789}
	EndGlobalSection
EndGlobal
